
Microsoft Visual Studio Solution File, Format Version 12.00
# Visual Studio Version 16
VisualStudioVersion = 16.0.30320.27
MinimumVisualStudioVersion = 10.0.40219.1
Project("{FAE04EC0-301F-11D3-BF4B-00C04F79EFBC}") = "FolderComments", "FolderComments\FolderComments.csproj", "{BE1D8D6E-CC75-41E6-B0E7-307FC7726BD9}"
EndProject
Global
	GlobalSection(SolutionConfigurationPlatforms) = preSolution
		Debug|Any CPU = Debug|Any CPU
		Release|Any CPU = Release|Any CPU
	EndGlobalSection
	GlobalSection(ProjectConfigurationPlatforms) = postSolution
		{BE1D8D6E-CC75-41E6-B0E7-307FC7726BD9}.Debug|Any CPU.ActiveCfg = Debug|Any CPU
		{BE1D8D6E-CC75-41E6-B0E7-307FC7726BD9}.Debug|Any CPU.Build.0 = Debug|Any CPU
		{BE1D8D6E-CC75-41E6-B0E7-307FC7726BD9}.Release|Any CPU.ActiveCfg = Release|Any CPU
		{BE1D8D6E-CC75-41E6-B0E7-307FC7726BD9}.Release|Any CPU.Build.0 = Release|Any CPU
	EndGlobalSection
	GlobalSection(SolutionProperties) = preSolution
		HideSolutionNode = FALSE
	EndGlobalSection
	GlobalSection(ExtensibilityGlobals) = postSolution
		SolutionGuid = {3F1F2DA1-099F-471D-BD5E-6C52CDFD0C34}
	EndGlobalSection
EndGlobal
